// !$*UTF8*$!
{
	archiveVersion = 1;
	classes = {
	};
	objectVersion = 56;
	objects = {

/* Begin PBXBuildFile section */
		41756A8A2C50135900A42025 /* CustomTabBarView.swift in Sources */ = {isa = PBXBuildFile; fileRef = 41756A892C50135900A42025 /* CustomTabBarView.swift */; };
		41756A8C2C5013BC00A42025 /* TabCustomView.swift in Sources */ = {isa = PBXBuildFile; fileRef = 41756A8B2C5013BC00A42025 /* TabCustomView.swift */; };
		41756A8E2C52A2AD00A42025 /* TimetableView.swift in Sources */ = {isa = PBXBuildFile; fileRef = 41756A8D2C52A2AD00A42025 /* TimetableView.swift */; };
		417A6DE62C4EA86B00AA6408 /* AttendanceProApp.swift in Sources */ = {isa = PBXBuildFile; fileRef = 417A6DE52C4EA86B00AA6408 /* AttendanceProApp.swift */; };
		417A6DE82C4EA86B00AA6408 /* ContentView.swift in Sources */ = {isa = PBXBuildFile; fileRef = 417A6DE72C4EA86B00AA6408 /* ContentView.swift */; };
		417A6DEA2C4EA86D00AA6408 /* Assets.xcassets in Resources */ = {isa = PBXBuildFile; fileRef = 417A6DE92C4EA86D00AA6408 /* Assets.xcassets */; };
		417A6DED2C4EA86D00AA6408 /* Preview Assets.xcassets in Resources */ = {isa = PBXBuildFile; fileRef = 417A6DEC2C4EA86D00AA6408 /* Preview Assets.xcassets */; };
		417A6DFF2C4EAF0C00AA6408 /* WelcomeScreen.swift in Sources */ = {isa = PBXBuildFile; fileRef = 417A6DFE2C4EAF0C00AA6408 /* WelcomeScreen.swift */; };
		417A6E012C4EB25000AA6408 /* WelcomeOne.swift in Sources */ = {isa = PBXBuildFile; fileRef = 417A6E002C4EB25000AA6408 /* WelcomeOne.swift */; };
		417A6E032C4EB25D00AA6408 /* WelcomeTwo.swift in Sources */ = {isa = PBXBuildFile; fileRef = 417A6E022C4EB25D00AA6408 /* WelcomeTwo.swift */; };
		417A6E052C4EB26700AA6408 /* WelcomeThree.swift in Sources */ = {isa = PBXBuildFile; fileRef = 417A6E042C4EB26700AA6408 /* WelcomeThree.swift */; };
		417A6E072C4F2AFE00AA6408 /* LoginView.swift in Sources */ = {isa = PBXBuildFile; fileRef = 417A6E062C4F2AFE00AA6408 /* LoginView.swift */; };
		417A6E092C4F2B2900AA6408 /* RegisterView.swift in Sources */ = {isa = PBXBuildFile; fileRef = 417A6E082C4F2B2900AA6408 /* RegisterView.swift */; };
		417A6E0B2C4F2B3700AA6408 /* ForgotPasswordView.swift in Sources */ = {isa = PBXBuildFile; fileRef = 417A6E0A2C4F2B3700AA6408 /* ForgotPasswordView.swift */; };
		417A6E142C4F30EE00AA6408 /* AttendanceRecordingView.swift in Sources */ = {isa = PBXBuildFile; fileRef = 417A6E132C4F30EE00AA6408 /* AttendanceRecordingView.swift */; };
		417A6E162C4F312600AA6408 /* LeaveRequestView.swift in Sources */ = {isa = PBXBuildFile; fileRef = 417A6E152C4F312600AA6408 /* LeaveRequestView.swift */; };
		417A6E182C4F314800AA6408 /* ScheduleView.swift in Sources */ = {isa = PBXBuildFile; fileRef = 417A6E172C4F314800AA6408 /* ScheduleView.swift */; };
		417A6E1A2C4F316D00AA6408 /* NotificationsView.swift in Sources */ = {isa = PBXBuildFile; fileRef = 417A6E192C4F316D00AA6408 /* NotificationsView.swift */; };
		417A6E1C2C4F363900AA6408 /* ManageScheduleView.swift in Sources */ = {isa = PBXBuildFile; fileRef = 417A6E1B2C4F363900AA6408 /* ManageScheduleView.swift */; };
		417A6E1E2C4F365E00AA6408 /* ApproveLeaveView.swift in Sources */ = {isa = PBXBuildFile; fileRef = 417A6E1D2C4F365E00AA6408 /* ApproveLeaveView.swift */; };
		417A6E202C4F368600AA6408 /* AttendanceReportsView.swift in Sources */ = {isa = PBXBuildFile; fileRef = 417A6E1F2C4F368600AA6408 /* AttendanceReportsView.swift */; };
		417A6E222C4F36AA00AA6408 /* ManagerNotificationsView.swift in Sources */ = {isa = PBXBuildFile; fileRef = 417A6E212C4F36AA00AA6408 /* ManagerNotificationsView.swift */; };
		417A6E242C4F378B00AA6408 /* SystemConfigurationView.swift in Sources */ = {isa = PBXBuildFile; fileRef = 417A6E232C4F378B00AA6408 /* SystemConfigurationView.swift */; };
		417A6E262C4F37B300AA6408 /* EmployeeDataManagementView.swift in Sources */ = {isa = PBXBuildFile; fileRef = 417A6E252C4F37B300AA6408 /* EmployeeDataManagementView.swift */; };
		417A6E282C4F37D600AA6408 /* PayrollIntegrationView.swift in Sources */ = {isa = PBXBuildFile; fileRef = 417A6E272C4F37D600AA6408 /* PayrollIntegrationView.swift */; };
		417A6E2A2C4F37F300AA6408 /* AccessManagementView.swift in Sources */ = {isa = PBXBuildFile; fileRef = 417A6E292C4F37F300AA6408 /* AccessManagementView.swift */; };
		417A6E2C2C4F38B100AA6408 /* DashboardView.swift in Sources */ = {isa = PBXBuildFile; fileRef = 417A6E2B2C4F38B100AA6408 /* DashboardView.swift */; };
		417A6E2E2C4F38D000AA6408 /* ProfileView.swift in Sources */ = {isa = PBXBuildFile; fileRef = 417A6E2D2C4F38D000AA6408 /* ProfileView.swift */; };
		417A6E302C4F38F200AA6408 /* SettingsView.swift in Sources */ = {isa = PBXBuildFile; fileRef = 417A6E2F2C4F38F200AA6408 /* SettingsView.swift */; };
		417A6E322C4F39E100AA6408 /* AttendanceModel.swift in Sources */ = {isa = PBXBuildFile; fileRef = 417A6E312C4F39E100AA6408 /* AttendanceModel.swift */; };
		417A6E342C4F3A0100AA6408 /* LeaveModel.swift in Sources */ = {isa = PBXBuildFile; fileRef = 417A6E332C4F3A0100AA6408 /* LeaveModel.swift */; };
		417A6E362C4F3A1C00AA6408 /* ScheduleModel.swift in Sources */ = {isa = PBXBuildFile; fileRef = 417A6E352C4F3A1C00AA6408 /* ScheduleModel.swift */; };
		417A6E382C4F3A3800AA6408 /* NotificationsModel.swift in Sources */ = {isa = PBXBuildFile; fileRef = 417A6E372C4F3A3800AA6408 /* NotificationsModel.swift */; };
		417A6E3A2C4F3B1400AA6408 /* TeamScheduleModel.swift in Sources */ = {isa = PBXBuildFile; fileRef = 417A6E392C4F3B1400AA6408 /* TeamScheduleModel.swift */; };
		417A6E3C2C4F3B3100AA6408 /* LeaveApprovalModel.swift in Sources */ = {isa = PBXBuildFile; fileRef = 417A6E3B2C4F3B3100AA6408 /* LeaveApprovalModel.swift */; };
		417A6E3E2C4F3B4B00AA6408 /* TeamAttendanceModel.swift in Sources */ = {isa = PBXBuildFile; fileRef = 417A6E3D2C4F3B4B00AA6408 /* TeamAttendanceModel.swift */; };
		417A6E402C4F3B6A00AA6408 /* ManagerNotificationsModel.swift in Sources */ = {isa = PBXBuildFile; fileRef = 417A6E3F2C4F3B6A00AA6408 /* ManagerNotificationsModel.swift */; };
		417A6E422C4F3BD700AA6408 /* SystemConfigModel.swift in Sources */ = {isa = PBXBuildFile; fileRef = 417A6E412C4F3BD700AA6408 /* SystemConfigModel.swift */; };
		417A6E442C4F3BF000AA6408 /* EmployeeDataModel.swift in Sources */ = {isa = PBXBuildFile; fileRef = 417A6E432C4F3BF000AA6408 /* EmployeeDataModel.swift */; };
		417A6E462C4F3C0B00AA6408 /* PayrollModel.swift in Sources */ = {isa = PBXBuildFile; fileRef = 417A6E452C4F3C0B00AA6408 /* PayrollModel.swift */; };
		417A6E482C4F3C2400AA6408 /* AccessControlModel.swift in Sources */ = {isa = PBXBuildFile; fileRef = 417A6E472C4F3C2400AA6408 /* AccessControlModel.swift */; };
		41F444CC2C50121700929CA7 /* TabItemModel.swift in Sources */ = {isa = PBXBuildFile; fileRef = 41F444CB2C50121700929CA7 /* TabItemModel.swift */; };
		41F444CF2C5012D200929CA7 /* CustomTabView.swift in Sources */ = {isa = PBXBuildFile; fileRef = 41F444CE2C5012D200929CA7 /* CustomTabView.swift */; };
/* End PBXBuildFile section */

/* Begin PBXFileReference section */
		41756A892C50135900A42025 /* CustomTabBarView.swift */ = {isa = PBXFileReference; lastKnownFileType = sourcecode.swift; path = CustomTabBarView.swift; sourceTree = "<group>"; };
		41756A8B2C5013BC00A42025 /* TabCustomView.swift */ = {isa = PBXFileReference; lastKnownFileType = sourcecode.swift; path = TabCustomView.swift; sourceTree = "<group>"; };
		41756A8D2C52A2AD00A42025 /* TimetableView.swift */ = {isa = PBXFileReference; lastKnownFileType = sourcecode.swift; path = TimetableView.swift; sourceTree = "<group>"; };
		417A6DE22C4EA86B00AA6408 /* AttendancePro.app */ = {isa = PBXFileReference; explicitFileType = wrapper.application; includeInIndex = 0; path = AttendancePro.app; sourceTree = BUILT_PRODUCTS_DIR; };
		417A6DE52C4EA86B00AA6408 /* AttendanceProApp.swift */ = {isa = PBXFileReference; lastKnownFileType = sourcecode.swift; path = AttendanceProApp.swift; sourceTree = "<group>"; };
		417A6DE72C4EA86B00AA6408 /* ContentView.swift */ = {isa = PBXFileReference; lastKnownFileType = sourcecode.swift; path = ContentView.swift; sourceTree = "<group>"; };
		417A6DE92C4EA86D00AA6408 /* Assets.xcassets */ = {isa = PBXFileReference; lastKnownFileType = folder.assetcatalog; path = Assets.xcassets; sourceTree = "<group>"; };
		417A6DEC2C4EA86D00AA6408 /* Preview Assets.xcassets */ = {isa = PBXFileReference; lastKnownFileType = folder.assetcatalog; path = "Preview Assets.xcassets"; sourceTree = "<group>"; };
		417A6DFA2C4EAB8500AA6408 /* README.md */ = {isa = PBXFileReference; lastKnownFileType = net.daringfireball.markdown; path = README.md; sourceTree = "<group>"; };
		417A6DFE2C4EAF0C00AA6408 /* WelcomeScreen.swift */ = {isa = PBXFileReference; lastKnownFileType = sourcecode.swift; path = WelcomeScreen.swift; sourceTree = "<group>"; };
		417A6E002C4EB25000AA6408 /* WelcomeOne.swift */ = {isa = PBXFileReference; lastKnownFileType = sourcecode.swift; path = WelcomeOne.swift; sourceTree = "<group>"; };
		417A6E022C4EB25D00AA6408 /* WelcomeTwo.swift */ = {isa = PBXFileReference; lastKnownFileType = sourcecode.swift; path = WelcomeTwo.swift; sourceTree = "<group>"; };
		417A6E042C4EB26700AA6408 /* WelcomeThree.swift */ = {isa = PBXFileReference; lastKnownFileType = sourcecode.swift; path = WelcomeThree.swift; sourceTree = "<group>"; };
		417A6E062C4F2AFE00AA6408 /* LoginView.swift */ = {isa = PBXFileReference; lastKnownFileType = sourcecode.swift; path = LoginView.swift; sourceTree = "<group>"; };
		417A6E082C4F2B2900AA6408 /* RegisterView.swift */ = {isa = PBXFileReference; lastKnownFileType = sourcecode.swift; path = RegisterView.swift; sourceTree = "<group>"; };
		417A6E0A2C4F2B3700AA6408 /* ForgotPasswordView.swift */ = {isa = PBXFileReference; lastKnownFileType = sourcecode.swift; path = ForgotPasswordView.swift; sourceTree = "<group>"; };
		417A6E132C4F30EE00AA6408 /* AttendanceRecordingView.swift */ = {isa = PBXFileReference; lastKnownFileType = sourcecode.swift; path = AttendanceRecordingView.swift; sourceTree = "<group>"; };
		417A6E152C4F312600AA6408 /* LeaveRequestView.swift */ = {isa = PBXFileReference; lastKnownFileType = sourcecode.swift; path = LeaveRequestView.swift; sourceTree = "<group>"; };
		417A6E172C4F314800AA6408 /* ScheduleView.swift */ = {isa = PBXFileReference; lastKnownFileType = sourcecode.swift; path = ScheduleView.swift; sourceTree = "<group>"; };
		417A6E192C4F316D00AA6408 /* NotificationsView.swift */ = {isa = PBXFileReference; lastKnownFileType = sourcecode.swift; path = NotificationsView.swift; sourceTree = "<group>"; };
		417A6E1B2C4F363900AA6408 /* ManageScheduleView.swift */ = {isa = PBXFileReference; lastKnownFileType = sourcecode.swift; path = ManageScheduleView.swift; sourceTree = "<group>"; };
		417A6E1D2C4F365E00AA6408 /* ApproveLeaveView.swift */ = {isa = PBXFileReference; lastKnownFileType = sourcecode.swift; path = ApproveLeaveView.swift; sourceTree = "<group>"; };
		417A6E1F2C4F368600AA6408 /* AttendanceReportsView.swift */ = {isa = PBXFileReference; lastKnownFileType = sourcecode.swift; path = AttendanceReportsView.swift; sourceTree = "<group>"; };
		417A6E212C4F36AA00AA6408 /* ManagerNotificationsView.swift */ = {isa = PBXFileReference; lastKnownFileType = sourcecode.swift; path = ManagerNotificationsView.swift; sourceTree = "<group>"; };
		417A6E232C4F378B00AA6408 /* SystemConfigurationView.swift */ = {isa = PBXFileReference; lastKnownFileType = sourcecode.swift; path = SystemConfigurationView.swift; sourceTree = "<group>"; };
		417A6E252C4F37B300AA6408 /* EmployeeDataManagementView.swift */ = {isa = PBXFileReference; lastKnownFileType = sourcecode.swift; path = EmployeeDataManagementView.swift; sourceTree = "<group>"; };
		417A6E272C4F37D600AA6408 /* PayrollIntegrationView.swift */ = {isa = PBXFileReference; lastKnownFileType = sourcecode.swift; path = PayrollIntegrationView.swift; sourceTree = "<group>"; };
		417A6E292C4F37F300AA6408 /* AccessManagementView.swift */ = {isa = PBXFileReference; lastKnownFileType = sourcecode.swift; path = AccessManagementView.swift; sourceTree = "<group>"; };
		417A6E2B2C4F38B100AA6408 /* DashboardView.swift */ = {isa = PBXFileReference; lastKnownFileType = sourcecode.swift; path = DashboardView.swift; sourceTree = "<group>"; };
		417A6E2D2C4F38D000AA6408 /* ProfileView.swift */ = {isa = PBXFileReference; lastKnownFileType = sourcecode.swift; path = ProfileView.swift; sourceTree = "<group>"; };
		417A6E2F2C4F38F200AA6408 /* SettingsView.swift */ = {isa = PBXFileReference; lastKnownFileType = sourcecode.swift; path = SettingsView.swift; sourceTree = "<group>"; };
		417A6E312C4F39E100AA6408 /* AttendanceModel.swift */ = {isa = PBXFileReference; lastKnownFileType = sourcecode.swift; path = AttendanceModel.swift; sourceTree = "<group>"; };
		417A6E332C4F3A0100AA6408 /* LeaveModel.swift */ = {isa = PBXFileReference; lastKnownFileType = sourcecode.swift; path = LeaveModel.swift; sourceTree = "<group>"; };
		417A6E352C4F3A1C00AA6408 /* ScheduleModel.swift */ = {isa = PBXFileReference; lastKnownFileType = sourcecode.swift; path = ScheduleModel.swift; sourceTree = "<group>"; };
		417A6E372C4F3A3800AA6408 /* NotificationsModel.swift */ = {isa = PBXFileReference; lastKnownFileType = sourcecode.swift; path = NotificationsModel.swift; sourceTree = "<group>"; };
		417A6E392C4F3B1400AA6408 /* TeamScheduleModel.swift */ = {isa = PBXFileReference; lastKnownFileType = sourcecode.swift; path = TeamScheduleModel.swift; sourceTree = "<group>"; };
		417A6E3B2C4F3B3100AA6408 /* LeaveApprovalModel.swift */ = {isa = PBXFileReference; lastKnownFileType = sourcecode.swift; path = LeaveApprovalModel.swift; sourceTree = "<group>"; };
		417A6E3D2C4F3B4B00AA6408 /* TeamAttendanceModel.swift */ = {isa = PBXFileReference; lastKnownFileType = sourcecode.swift; path = TeamAttendanceModel.swift; sourceTree = "<group>"; };
		417A6E3F2C4F3B6A00AA6408 /* ManagerNotificationsModel.swift */ = {isa = PBXFileReference; lastKnownFileType = sourcecode.swift; path = ManagerNotificationsModel.swift; sourceTree = "<group>"; };
		417A6E412C4F3BD700AA6408 /* SystemConfigModel.swift */ = {isa = PBXFileReference; lastKnownFileType = sourcecode.swift; path = SystemConfigModel.swift; sourceTree = "<group>"; };
		417A6E432C4F3BF000AA6408 /* EmployeeDataModel.swift */ = {isa = PBXFileReference; lastKnownFileType = sourcecode.swift; path = EmployeeDataModel.swift; sourceTree = "<group>"; };
		417A6E452C4F3C0B00AA6408 /* PayrollModel.swift */ = {isa = PBXFileReference; lastKnownFileType = sourcecode.swift; path = PayrollModel.swift; sourceTree = "<group>"; };
		417A6E472C4F3C2400AA6408 /* AccessControlModel.swift */ = {isa = PBXFileReference; lastKnownFileType = sourcecode.swift; path = AccessControlModel.swift; sourceTree = "<group>"; };
		41F444CB2C50121700929CA7 /* TabItemModel.swift */ = {isa = PBXFileReference; lastKnownFileType = sourcecode.swift; path = TabItemModel.swift; sourceTree = "<group>"; };
		41F444CE2C5012D200929CA7 /* CustomTabView.swift */ = {isa = PBXFileReference; lastKnownFileType = sourcecode.swift; path = CustomTabView.swift; sourceTree = "<group>"; };
/* End PBXFileReference section */

/* Begin PBXFrameworksBuildPhase section */
		417A6DDF2C4EA86B00AA6408 /* Frameworks */ = {
			isa = PBXFrameworksBuildPhase;
			buildActionMask = 2147483647;
			files = (
			);
			runOnlyForDeploymentPostprocessing = 0;
		};
/* End PBXFrameworksBuildPhase section */

/* Begin PBXGroup section */
		417A6DD92C4EA86B00AA6408 = {
			isa = PBXGroup;
			children = (
				417A6DFA2C4EAB8500AA6408 /* README.md */,
				417A6DE42C4EA86B00AA6408 /* AttendancePro */,
				417A6DE32C4EA86B00AA6408 /* Products */,
			);
			sourceTree = "<group>";
		};
		417A6DE32C4EA86B00AA6408 /* Products */ = {
			isa = PBXGroup;
			children = (
				417A6DE22C4EA86B00AA6408 /* AttendancePro.app */,
			);
			name = Products;
			sourceTree = "<group>";
		};
		417A6DE42C4EA86B00AA6408 /* AttendancePro */ = {
			isa = PBXGroup;
			children = (
				417A6DF92C4EAA7400AA6408 /* App */,
				417A6DF82C4EAA6C00AA6408 /* Resources */,
				417A6DF72C4EAA6100AA6408 /* Utilities */,
				417A6DF62C4EAA5500AA6408 /* Services */,
				417A6DF52C4EAA3900AA6408 /* Models */,
				417A6DF42C4EAA3300AA6408 /* Views */,
				417A6DF32C4EAA2100AA6408 /* ViewModels */,
				417A6DEB2C4EA86D00AA6408 /* Preview Content */,
			);
			path = AttendancePro;
			sourceTree = "<group>";
		};
		417A6DEB2C4EA86D00AA6408 /* Preview Content */ = {
			isa = PBXGroup;
			children = (
				417A6DEC2C4EA86D00AA6408 /* Preview Assets.xcassets */,
			);
			path = "Preview Content";
			sourceTree = "<group>";
		};
		417A6DF32C4EAA2100AA6408 /* ViewModels */ = {
			isa = PBXGroup;
			children = (
			);
			path = ViewModels;
			sourceTree = "<group>";
		};
		417A6DF42C4EAA3300AA6408 /* Views */ = {
			isa = PBXGroup;
			children = (
				41F444CD2C5012A400929CA7 /* Components */,
				417A6DFD2C4EAEF300AA6408 /* WelcomeScreen */,
				417A6DFB2C4EAC2900AA6408 /* Auth */,
				417A6DFC2C4EAC3000AA6408 /* Main */,
			);
			path = Views;
			sourceTree = "<group>";
		};
		417A6DF52C4EAA3900AA6408 /* Models */ = {
			isa = PBXGroup;
			children = (
				41F444CA2C5011F500929CA7 /* View */,
				417A6E122C4F309600AA6408 /* Manager */,
				417A6E112C4F308A00AA6408 /* AdminHR */,
				417A6E102C4F308000AA6408 /* Employee */,
			);
			path = Models;
			sourceTree = "<group>";
		};
		417A6DF62C4EAA5500AA6408 /* Services */ = {
			isa = PBXGroup;
			children = (
			);
			path = Services;
			sourceTree = "<group>";
		};
		417A6DF72C4EAA6100AA6408 /* Utilities */ = {
			isa = PBXGroup;
			children = (
			);
			path = Utilities;
			sourceTree = "<group>";
		};
		417A6DF82C4EAA6C00AA6408 /* Resources */ = {
			isa = PBXGroup;
			children = (
				417A6DE92C4EA86D00AA6408 /* Assets.xcassets */,
			);
			path = Resources;
			sourceTree = "<group>";
		};
		417A6DF92C4EAA7400AA6408 /* App */ = {
			isa = PBXGroup;
			children = (
				417A6DE52C4EA86B00AA6408 /* AttendanceProApp.swift */,
				417A6DE72C4EA86B00AA6408 /* ContentView.swift */,
			);
			path = App;
			sourceTree = "<group>";
		};
		417A6DFB2C4EAC2900AA6408 /* Auth */ = {
			isa = PBXGroup;
			children = (
				417A6E062C4F2AFE00AA6408 /* LoginView.swift */,
				417A6E082C4F2B2900AA6408 /* RegisterView.swift */,
				417A6E0A2C4F2B3700AA6408 /* ForgotPasswordView.swift */,
			);
			path = Auth;
			sourceTree = "<group>";
		};
		417A6DFC2C4EAC3000AA6408 /* Main */ = {
			isa = PBXGroup;
			children = (
				417A6E0F2C4F2FB600AA6408 /* Shared */,
				417A6E0E2C4F2FA300AA6408 /* Manager */,
				417A6E0C2C4F2F7F00AA6408 /* AdminHR */,
				417A6E0D2C4F2F8C00AA6408 /* Employee */,
			);
			path = Main;
			sourceTree = "<group>";
		};
		417A6DFD2C4EAEF300AA6408 /* WelcomeScreen */ = {
			isa = PBXGroup;
			children = (
				417A6DFE2C4EAF0C00AA6408 /* WelcomeScreen.swift */,
				417A6E002C4EB25000AA6408 /* WelcomeOne.swift */,
				417A6E022C4EB25D00AA6408 /* WelcomeTwo.swift */,
				417A6E042C4EB26700AA6408 /* WelcomeThree.swift */,
			);
			path = WelcomeScreen;
			sourceTree = "<group>";
		};
		417A6E0C2C4F2F7F00AA6408 /* AdminHR */ = {
			isa = PBXGroup;
			children = (
				417A6E232C4F378B00AA6408 /* SystemConfigurationView.swift */,
				417A6E252C4F37B300AA6408 /* EmployeeDataManagementView.swift */,
				417A6E272C4F37D600AA6408 /* PayrollIntegrationView.swift */,
				417A6E292C4F37F300AA6408 /* AccessManagementView.swift */,
			);
			path = AdminHR;
			sourceTree = "<group>";
		};
		417A6E0D2C4F2F8C00AA6408 /* Employee */ = {
			isa = PBXGroup;
			children = (
				417A6E132C4F30EE00AA6408 /* AttendanceRecordingView.swift */,
				417A6E152C4F312600AA6408 /* LeaveRequestView.swift */,
				417A6E172C4F314800AA6408 /* ScheduleView.swift */,
				417A6E192C4F316D00AA6408 /* NotificationsView.swift */,
				41756A8D2C52A2AD00A42025 /* TimetableView.swift */,
			);
			path = Employee;
			sourceTree = "<group>";
		};
		417A6E0E2C4F2FA300AA6408 /* Manager */ = {
			isa = PBXGroup;
			children = (
				417A6E1B2C4F363900AA6408 /* ManageScheduleView.swift */,
				417A6E1D2C4F365E00AA6408 /* ApproveLeaveView.swift */,
				417A6E1F2C4F368600AA6408 /* AttendanceReportsView.swift */,
				417A6E212C4F36AA00AA6408 /* ManagerNotificationsView.swift */,
			);
			path = Manager;
			sourceTree = "<group>";
		};
		417A6E0F2C4F2FB600AA6408 /* Shared */ = {
			isa = PBXGroup;
			children = (
				417A6E2B2C4F38B100AA6408 /* DashboardView.swift */,
				417A6E2D2C4F38D000AA6408 /* ProfileView.swift */,
				417A6E2F2C4F38F200AA6408 /* SettingsView.swift */,
				41756A8B2C5013BC00A42025 /* TabCustomView.swift */,
			);
			path = Shared;
			sourceTree = "<group>";
		};
		417A6E102C4F308000AA6408 /* Employee */ = {
			isa = PBXGroup;
			children = (
				417A6E312C4F39E100AA6408 /* AttendanceModel.swift */,
				417A6E332C4F3A0100AA6408 /* LeaveModel.swift */,
				417A6E352C4F3A1C00AA6408 /* ScheduleModel.swift */,
				417A6E372C4F3A3800AA6408 /* NotificationsModel.swift */,
			);
			path = Employee;
			sourceTree = "<group>";
		};
		417A6E112C4F308A00AA6408 /* AdminHR */ = {
			isa = PBXGroup;
			children = (
				417A6E412C4F3BD700AA6408 /* SystemConfigModel.swift */,
				417A6E432C4F3BF000AA6408 /* EmployeeDataModel.swift */,
				417A6E452C4F3C0B00AA6408 /* PayrollModel.swift */,
				417A6E472C4F3C2400AA6408 /* AccessControlModel.swift */,
			);
			path = AdminHR;
			sourceTree = "<group>";
		};
		417A6E122C4F309600AA6408 /* Manager */ = {
			isa = PBXGroup;
			children = (
				417A6E392C4F3B1400AA6408 /* TeamScheduleModel.swift */,
				417A6E3B2C4F3B3100AA6408 /* LeaveApprovalModel.swift */,
				417A6E3D2C4F3B4B00AA6408 /* TeamAttendanceModel.swift */,
				417A6E3F2C4F3B6A00AA6408 /* ManagerNotificationsModel.swift */,
			);
			path = Manager;
			sourceTree = "<group>";
		};
		41F444CA2C5011F500929CA7 /* View */ = {
			isa = PBXGroup;
			children = (
				41F444CB2C50121700929CA7 /* TabItemModel.swift */,
			);
			path = View;
			sourceTree = "<group>";
		};
		41F444CD2C5012A400929CA7 /* Components */ = {
			isa = PBXGroup;
			children = (
				41F444CE2C5012D200929CA7 /* CustomTabView.swift */,
				41756A892C50135900A42025 /* CustomTabBarView.swift */,
			);
			path = Components;
			sourceTree = "<group>";
		};
/* End PBXGroup section */

/* Begin PBXNativeTarget section */
		417A6DE12C4EA86B00AA6408 /* AttendancePro */ = {
			isa = PBXNativeTarget;
			buildConfigurationList = 417A6DF02C4EA86D00AA6408 /* Build configuration list for PBXNativeTarget "AttendancePro" */;
			buildPhases = (
				417A6DDE2C4EA86B00AA6408 /* Sources */,
				417A6DDF2C4EA86B00AA6408 /* Frameworks */,
				417A6DE02C4EA86B00AA6408 /* Resources */,
			);
			buildRules = (
			);
			dependencies = (
			);
			name = AttendancePro;
			productName = AttendancePro;
			productReference = 417A6DE22C4EA86B00AA6408 /* AttendancePro.app */;
			productType = "com.apple.product-type.application";
		};
/* End PBXNativeTarget section */

/* Begin PBXProject section */
		417A6DDA2C4EA86B00AA6408 /* Project object */ = {
			isa = PBXProject;
			attributes = {
				BuildIndependentTargetsInParallel = 1;
				LastSwiftUpdateCheck = 1530;
				LastUpgradeCheck = 1530;
				TargetAttributes = {
					417A6DE12C4EA86B00AA6408 = {
						CreatedOnToolsVersion = 15.3;
					};
				};
			};
			buildConfigurationList = 417A6DDD2C4EA86B00AA6408 /* Build configuration list for PBXProject "AttendancePro" */;
			compatibilityVersion = "Xcode 14.0";
			developmentRegion = en;
			hasScannedForEncodings = 0;
			knownRegions = (
				en,
				Base,
			);
			mainGroup = 417A6DD92C4EA86B00AA6408;
			productRefGroup = 417A6DE32C4EA86B00AA6408 /* Products */;
			projectDirPath = "";
			projectRoot = "";
			targets = (
				417A6DE12C4EA86B00AA6408 /* AttendancePro */,
			);
		};
/* End PBXProject section */

/* Begin PBXResourcesBuildPhase section */
		417A6DE02C4EA86B00AA6408 /* Resources */ = {
			isa = PBXResourcesBuildPhase;
			buildActionMask = 2147483647;
			files = (
				417A6DED2C4EA86D00AA6408 /* Preview Assets.xcassets in Resources */,
				417A6DEA2C4EA86D00AA6408 /* Assets.xcassets in Resources */,
			);
			runOnlyForDeploymentPostprocessing = 0;
		};
/* End PBXResourcesBuildPhase section */

/* Begin PBXSourcesBuildPhase section */
		417A6DDE2C4EA86B00AA6408 /* Sources */ = {
			isa = PBXSourcesBuildPhase;
			buildActionMask = 2147483647;
			files = (
				417A6E402C4F3B6A00AA6408 /* ManagerNotificationsModel.swift in Sources */,
				417A6E1C2C4F363900AA6408 /* ManageScheduleView.swift in Sources */,
				417A6E282C4F37D600AA6408 /* PayrollIntegrationView.swift in Sources */,
				417A6E442C4F3BF000AA6408 /* EmployeeDataModel.swift in Sources */,
				41F444CC2C50121700929CA7 /* TabItemModel.swift in Sources */,
				417A6DFF2C4EAF0C00AA6408 /* WelcomeScreen.swift in Sources */,
				417A6E242C4F378B00AA6408 /* SystemConfigurationView.swift in Sources */,
				417A6E3C2C4F3B3100AA6408 /* LeaveApprovalModel.swift in Sources */,
				417A6E072C4F2AFE00AA6408 /* LoginView.swift in Sources */,
				41756A8A2C50135900A42025 /* CustomTabBarView.swift in Sources */,
				41756A8C2C5013BC00A42025 /* TabCustomView.swift in Sources */,
				417A6E012C4EB25000AA6408 /* WelcomeOne.swift in Sources */,
				417A6E162C4F312600AA6408 /* LeaveRequestView.swift in Sources */,
				417A6E322C4F39E100AA6408 /* AttendanceModel.swift in Sources */,
				417A6E222C4F36AA00AA6408 /* ManagerNotificationsView.swift in Sources */,
				417A6E1E2C4F365E00AA6408 /* ApproveLeaveView.swift in Sources */,
				417A6E302C4F38F200AA6408 /* SettingsView.swift in Sources */,
				417A6E342C4F3A0100AA6408 /* LeaveModel.swift in Sources */,
				417A6E362C4F3A1C00AA6408 /* ScheduleModel.swift in Sources */,
				417A6E2A2C4F37F300AA6408 /* AccessManagementView.swift in Sources */,
				417A6E032C4EB25D00AA6408 /* WelcomeTwo.swift in Sources */,
				417A6E202C4F368600AA6408 /* AttendanceReportsView.swift in Sources */,
				417A6E182C4F314800AA6408 /* ScheduleView.swift in Sources */,
				417A6DE82C4EA86B00AA6408 /* ContentView.swift in Sources */,
				417A6E262C4F37B300AA6408 /* EmployeeDataManagementView.swift in Sources */,
				41F444CF2C5012D200929CA7 /* CustomTabView.swift in Sources */,
				417A6E092C4F2B2900AA6408 /* RegisterView.swift in Sources */,
				417A6DE62C4EA86B00AA6408 /* AttendanceProApp.swift in Sources */,
				417A6E2E2C4F38D000AA6408 /* ProfileView.swift in Sources */,
				417A6E3E2C4F3B4B00AA6408 /* TeamAttendanceModel.swift in Sources */,
				417A6E382C4F3A3800AA6408 /* NotificationsModel.swift in Sources */,
				417A6E2C2C4F38B100AA6408 /* DashboardView.swift in Sources */,
				41756A8E2C52A2AD00A42025 /* TimetableView.swift in Sources */,
				417A6E462C4F3C0B00AA6408 /* PayrollModel.swift in Sources */,
				417A6E052C4EB26700AA6408 /* WelcomeThree.swift in Sources */,
				417A6E1A2C4F316D00AA6408 /* NotificationsView.swift in Sources */,
				417A6E482C4F3C2400AA6408 /* AccessControlModel.swift in Sources */,
				417A6E0B2C4F2B3700AA6408 /* ForgotPasswordView.swift in Sources */,
				417A6E142C4F30EE00AA6408 /* AttendanceRecordingView.swift in Sources */,
				417A6E3A2C4F3B1400AA6408 /* TeamScheduleModel.swift in Sources */,
				417A6E422C4F3BD700AA6408 /* SystemConfigModel.swift in Sources */,
			);
			runOnlyForDeploymentPostprocessing = 0;
		};
/* End PBXSourcesBuildPhase section */

/* Begin XCBuildConfiguration section */
		417A6DEE2C4EA86D00AA6408 /* Debug */ = {
			isa = XCBuildConfiguration;
			buildSettings = {
				ALWAYS_SEARCH_USER_PATHS = NO;
				ASSETCATALOG_COMPILER_GENERATE_SWIFT_ASSET_SYMBOL_EXTENSIONS = YES;
				CLANG_ANALYZER_NONNULL = YES;
				CLANG_ANALYZER_NUMBER_OBJECT_CONVERSION = YES_AGGRESSIVE;
				CLANG_CXX_LANGUAGE_STANDARD = "gnu++20";
				CLANG_ENABLE_MODULES = YES;
				CLANG_ENABLE_OBJC_ARC = YES;
				CLANG_ENABLE_OBJC_WEAK = YES;
				CLANG_WARN_BLOCK_CAPTURE_AUTORELEASING = YES;
				CLANG_WARN_BOOL_CONVERSION = YES;
				CLANG_WARN_COMMA = YES;
				CLANG_WARN_CONSTANT_CONVERSION = YES;
				CLANG_WARN_DEPRECATED_OBJC_IMPLEMENTATIONS = YES;
				CLANG_WARN_DIRECT_OBJC_ISA_USAGE = YES_ERROR;
				CLANG_WARN_DOCUMENTATION_COMMENTS = YES;
				CLANG_WARN_EMPTY_BODY = YES;
				CLANG_WARN_ENUM_CONVERSION = YES;
				CLANG_WARN_INFINITE_RECURSION = YES;
				CLANG_WARN_INT_CONVERSION = YES;
				CLANG_WARN_NON_LITERAL_NULL_CONVERSION = YES;
				CLANG_WARN_OBJC_IMPLICIT_RETAIN_SELF = YES;
				CLANG_WARN_OBJC_LITERAL_CONVERSION = YES;
				CLANG_WARN_OBJC_ROOT_CLASS = YES_ERROR;
				CLANG_WARN_QUOTED_INCLUDE_IN_FRAMEWORK_HEADER = YES;
				CLANG_WARN_RANGE_LOOP_ANALYSIS = YES;
				CLANG_WARN_STRICT_PROTOTYPES = YES;
				CLANG_WARN_SUSPICIOUS_MOVE = YES;
				CLANG_WARN_UNGUARDED_AVAILABILITY = YES_AGGRESSIVE;
				CLANG_WARN_UNREACHABLE_CODE = YES;
				CLANG_WARN__DUPLICATE_METHOD_MATCH = YES;
				COPY_PHASE_STRIP = NO;
				DEBUG_INFORMATION_FORMAT = dwarf;
				ENABLE_STRICT_OBJC_MSGSEND = YES;
				ENABLE_TESTABILITY = YES;
				ENABLE_USER_SCRIPT_SANDBOXING = YES;
				GCC_C_LANGUAGE_STANDARD = gnu17;
				GCC_DYNAMIC_NO_PIC = NO;
				GCC_NO_COMMON_BLOCKS = YES;
				GCC_OPTIMIZATION_LEVEL = 0;
				GCC_PREPROCESSOR_DEFINITIONS = (
					"DEBUG=1",
					"$(inherited)",
				);
				GCC_WARN_64_TO_32_BIT_CONVERSION = YES;
				GCC_WARN_ABOUT_RETURN_TYPE = YES_ERROR;
				GCC_WARN_UNDECLARED_SELECTOR = YES;
				GCC_WARN_UNINITIALIZED_AUTOS = YES_AGGRESSIVE;
				GCC_WARN_UNUSED_FUNCTION = YES;
				GCC_WARN_UNUSED_VARIABLE = YES;
				IPHONEOS_DEPLOYMENT_TARGET = 17.4;
				LOCALIZATION_PREFERS_STRING_CATALOGS = YES;
				MTL_ENABLE_DEBUG_INFO = INCLUDE_SOURCE;
				MTL_FAST_MATH = YES;
				ONLY_ACTIVE_ARCH = YES;
				SDKROOT = iphoneos;
				SWIFT_ACTIVE_COMPILATION_CONDITIONS = "DEBUG $(inherited)";
				SWIFT_OPTIMIZATION_LEVEL = "-Onone";
			};
			name = Debug;
		};
		417A6DEF2C4EA86D00AA6408 /* Release */ = {
			isa = XCBuildConfiguration;
			buildSettings = {
				ALWAYS_SEARCH_USER_PATHS = NO;
				ASSETCATALOG_COMPILER_GENERATE_SWIFT_ASSET_SYMBOL_EXTENSIONS = YES;
				CLANG_ANALYZER_NONNULL = YES;
				CLANG_ANALYZER_NUMBER_OBJECT_CONVERSION = YES_AGGRESSIVE;
				CLANG_CXX_LANGUAGE_STANDARD = "gnu++20";
				CLANG_ENABLE_MODULES = YES;
				CLANG_ENABLE_OBJC_ARC = YES;
				CLANG_ENABLE_OBJC_WEAK = YES;
				CLANG_WARN_BLOCK_CAPTURE_AUTORELEASING = YES;
				CLANG_WARN_BOOL_CONVERSION = YES;
				CLANG_WARN_COMMA = YES;
				CLANG_WARN_CONSTANT_CONVERSION = YES;
				CLANG_WARN_DEPRECATED_OBJC_IMPLEMENTATIONS = YES;
				CLANG_WARN_DIRECT_OBJC_ISA_USAGE = YES_ERROR;
				CLANG_WARN_DOCUMENTATION_COMMENTS = YES;
				CLANG_WARN_EMPTY_BODY = YES;
				CLANG_WARN_ENUM_CONVERSION = YES;
				CLANG_WARN_INFINITE_RECURSION = YES;
				CLANG_WARN_INT_CONVERSION = YES;
				CLANG_WARN_NON_LITERAL_NULL_CONVERSION = YES;
				CLANG_WARN_OBJC_IMPLICIT_RETAIN_SELF = YES;
				CLANG_WARN_OBJC_LITERAL_CONVERSION = YES;
				CLANG_WARN_OBJC_ROOT_CLASS = YES_ERROR;
				CLANG_WARN_QUOTED_INCLUDE_IN_FRAMEWORK_HEADER = YES;
				CLANG_WARN_RANGE_LOOP_ANALYSIS = YES;
				CLANG_WARN_STRICT_PROTOTYPES = YES;
				CLANG_WARN_SUSPICIOUS_MOVE = YES;
				CLANG_WARN_UNGUARDED_AVAILABILITY = YES_AGGRESSIVE;
				CLANG_WARN_UNREACHABLE_CODE = YES;
				CLANG_WARN__DUPLICATE_METHOD_MATCH = YES;
				COPY_PHASE_STRIP = NO;
				DEBUG_INFORMATION_FORMAT = "dwarf-with-dsym";
				ENABLE_NS_ASSERTIONS = NO;
				ENABLE_STRICT_OBJC_MSGSEND = YES;
				ENABLE_USER_SCRIPT_SANDBOXING = YES;
				GCC_C_LANGUAGE_STANDARD = gnu17;
				GCC_NO_COMMON_BLOCKS = YES;
				GCC_WARN_64_TO_32_BIT_CONVERSION = YES;
				GCC_WARN_ABOUT_RETURN_TYPE = YES_ERROR;
				GCC_WARN_UNDECLARED_SELECTOR = YES;
				GCC_WARN_UNINITIALIZED_AUTOS = YES_AGGRESSIVE;
				GCC_WARN_UNUSED_FUNCTION = YES;
				GCC_WARN_UNUSED_VARIABLE = YES;
				IPHONEOS_DEPLOYMENT_TARGET = 17.4;
				LOCALIZATION_PREFERS_STRING_CATALOGS = YES;
				MTL_ENABLE_DEBUG_INFO = NO;
				MTL_FAST_MATH = YES;
				SDKROOT = iphoneos;
				SWIFT_COMPILATION_MODE = wholemodule;
				VALIDATE_PRODUCT = YES;
			};
			name = Release;
		};
		417A6DF12C4EA86D00AA6408 /* Debug */ = {
			isa = XCBuildConfiguration;
			buildSettings = {
				ASSETCATALOG_COMPILER_APPICON_NAME = AppIcon;
				ASSETCATALOG_COMPILER_GLOBAL_ACCENT_COLOR_NAME = AccentColor;
				CODE_SIGN_STYLE = Automatic;
				CURRENT_PROJECT_VERSION = 1;
				DEVELOPMENT_ASSET_PATHS = "\"AttendancePro/Preview Content\"";
				DEVELOPMENT_TEAM = QAM977QT6U;
				ENABLE_PREVIEWS = YES;
				GENERATE_INFOPLIST_FILE = YES;
				INFOPLIST_KEY_UIApplicationSceneManifest_Generation = YES;
				INFOPLIST_KEY_UIApplicationSupportsIndirectInputEvents = YES;
				INFOPLIST_KEY_UILaunchScreen_Generation = YES;
				INFOPLIST_KEY_UISupportedInterfaceOrientations_iPad = "UIInterfaceOrientationPortrait UIInterfaceOrientationPortraitUpsideDown UIInterfaceOrientationLandscapeLeft UIInterfaceOrientationLandscapeRight";
				INFOPLIST_KEY_UISupportedInterfaceOrientations_iPhone = "UIInterfaceOrientationPortrait UIInterfaceOrientationLandscapeLeft UIInterfaceOrientationLandscapeRight";
				LD_RUNPATH_SEARCH_PATHS = (
					"$(inherited)",
					"@executable_path/Frameworks",
				);
				MARKETING_VERSION = 1.0;
				PRODUCT_BUNDLE_IDENTIFIER = "Pratama-Center.AttendancePro";
				PRODUCT_NAME = "$(TARGET_NAME)";
				SWIFT_EMIT_LOC_STRINGS = YES;
				SWIFT_VERSION = 5.0;
				TARGETED_DEVICE_FAMILY = "1,2";
			};
			name = Debug;
		};
		417A6DF22C4EA86D00AA6408 /* Release */ = {
			isa = XCBuildConfiguration;
			buildSettings = {
				ASSETCATALOG_COMPILER_APPICON_NAME = AppIcon;
				ASSETCATALOG_COMPILER_GLOBAL_ACCENT_COLOR_NAME = AccentColor;
				CODE_SIGN_STYLE = Automatic;
				CURRENT_PROJECT_VERSION = 1;
				DEVELOPMENT_ASSET_PATHS = "\"AttendancePro/Preview Content\"";
				DEVELOPMENT_TEAM = QAM977QT6U;
				ENABLE_PREVIEWS = YES;
				GENERATE_INFOPLIST_FILE = YES;
				INFOPLIST_KEY_UIApplicationSceneManifest_Generation = YES;
				INFOPLIST_KEY_UIApplicationSupportsIndirectInputEvents = YES;
				INFOPLIST_KEY_UILaunchScreen_Generation = YES;
				INFOPLIST_KEY_UISupportedInterfaceOrientations_iPad = "UIInterfaceOrientationPortrait UIInterfaceOrientationPortraitUpsideDown UIInterfaceOrientationLandscapeLeft UIInterfaceOrientationLandscapeRight";
				INFOPLIST_KEY_UISupportedInterfaceOrientations_iPhone = "UIInterfaceOrientationPortrait UIInterfaceOrientationLandscapeLeft UIInterfaceOrientationLandscapeRight";
				LD_RUNPATH_SEARCH_PATHS = (
					"$(inherited)",
					"@executable_path/Frameworks",
				);
				MARKETING_VERSION = 1.0;
				PRODUCT_BUNDLE_IDENTIFIER = "Pratama-Center.AttendancePro";
				PRODUCT_NAME = "$(TARGET_NAME)";
				SWIFT_EMIT_LOC_STRINGS = YES;
				SWIFT_VERSION = 5.0;
				TARGETED_DEVICE_FAMILY = "1,2";
			};
			name = Release;
		};
/* End XCBuildConfiguration section */

/* Begin XCConfigurationList section */
		417A6DDD2C4EA86B00AA6408 /* Build configuration list for PBXProject "AttendancePro" */ = {
			isa = XCConfigurationList;
			buildConfigurations = (
				417A6DEE2C4EA86D00AA6408 /* Debug */,
				417A6DEF2C4EA86D00AA6408 /* Release */,
			);
			defaultConfigurationIsVisible = 0;
			defaultConfigurationName = Release;
		};
		417A6DF02C4EA86D00AA6408 /* Build configuration list for PBXNativeTarget "AttendancePro" */ = {
			isa = XCConfigurationList;
			buildConfigurations = (
				417A6DF12C4EA86D00AA6408 /* Debug */,
				417A6DF22C4EA86D00AA6408 /* Release */,
			);
			defaultConfigurationIsVisible = 0;
			defaultConfigurationName = Release;
		};
/* End XCConfigurationList section */
	};
	rootObject = 417A6DDA2C4EA86B00AA6408 /* Project object */;
}
